
Microsoft Visual Studio Solution File, Format Version 12.00
# Visual Studio Version 17
VisualStudioVersion = 17.7.34024.191
MinimumVisualStudioVersion = 10.0.40219.1
Project("{2150E333-8FDC-42A3-9474-1A3956D46DE8}") = "Application", "Application", "{1FC6F132-1247-4F67-9B87-4F4A73F05AFC}"
EndProject
Project("{2150E333-8FDC-42A3-9474-1A3956D46DE8}") = "Domain", "Domain", "{B03219E0-7B0E-4FBB-889F-E75D84729B4C}"
EndProject
Project("{2150E333-8FDC-42A3-9474-1A3956D46DE8}") = "Api", "Api", "{8579B216-F743-4B78-81A8-79C68CFF88F0}"
EndProject
Project("{2150E333-8FDC-42A3-9474-1A3956D46DE8}") = "loc", "loc", "{B0C80E68-7F81-412D-B692-0DC45495AA36}"
EndProject
Project("{9A19103F-16F7-4668-BE54-9A1E7A4F7556}") = "Hotel.domain", "Hotel.domain\Hotel.domain.csproj", "{FC6B7C3A-678E-4E90-B078-ACEAC584E2E3}"
EndProject
Project("{2150E333-8FDC-42A3-9474-1A3956D46DE8}") = "Infrastructure", "Infrastructure", "{D969669F-9514-41C8-8B92-B37B601BFB74}"
EndProject
Project("{9A19103F-16F7-4668-BE54-9A1E7A4F7556}") = "Hotel.application", "Hotel.application\Hotel.application.csproj", "{AAA84E93-AFFB-44A2-89F2-077F637F41CF}"
EndProject
Project("{2150E333-8FDC-42A3-9474-1A3956D46DE8}") = "Presentation", "Presentation", "{E5BD191C-1614-494E-9F81-5693C3B9E584}"
EndProject
Project("{9A19103F-16F7-4668-BE54-9A1E7A4F7556}") = "Hotel.Ioc", "Hotel.loc\Hotel.Ioc.csproj", "{6C9E958D-46E5-4F28-A919-A97E99234B44}"
EndProject
Project("{9A19103F-16F7-4668-BE54-9A1E7A4F7556}") = "Hotel.infraestructure", "Hotel.infraestructure\Hotel.infraestructure.csproj", "{EB7C5003-4299-47CD-9164-CB994CFA924D}"
EndProject
Project("{9A19103F-16F7-4668-BE54-9A1E7A4F7556}") = "hotel.api", "hotel.api2\hotel.api.csproj", "{6261EC96-A35A-4436-B715-5A04583330B8}"
EndProject
Project("{9A19103F-16F7-4668-BE54-9A1E7A4F7556}") = "Hotel.web", "..\..\..\Backup\ProyectoHotel\Hotel.web\Hotel.web.csproj", "{4732E368-CCD2-48CF-BDF0-1E3C8399B9C0}"
EndProject
Global
	GlobalSection(SolutionConfigurationPlatforms) = preSolution
		Debug|Any CPU = Debug|Any CPU
		Release|Any CPU = Release|Any CPU
	EndGlobalSection
	GlobalSection(ProjectConfigurationPlatforms) = postSolution
		{FC6B7C3A-678E-4E90-B078-ACEAC584E2E3}.Debug|Any CPU.ActiveCfg = Debug|Any CPU
		{FC6B7C3A-678E-4E90-B078-ACEAC584E2E3}.Debug|Any CPU.Build.0 = Debug|Any CPU
		{FC6B7C3A-678E-4E90-B078-ACEAC584E2E3}.Release|Any CPU.ActiveCfg = Release|Any CPU
		{FC6B7C3A-678E-4E90-B078-ACEAC584E2E3}.Release|Any CPU.Build.0 = Release|Any CPU
		{AAA84E93-AFFB-44A2-89F2-077F637F41CF}.Debug|Any CPU.ActiveCfg = Debug|Any CPU
		{AAA84E93-AFFB-44A2-89F2-077F637F41CF}.Debug|Any CPU.Build.0 = Debug|Any CPU
		{AAA84E93-AFFB-44A2-89F2-077F637F41CF}.Release|Any CPU.ActiveCfg = Release|Any CPU
		{AAA84E93-AFFB-44A2-89F2-077F637F41CF}.Release|Any CPU.Build.0 = Release|Any CPU
		{6C9E958D-46E5-4F28-A919-A97E99234B44}.Debug|Any CPU.ActiveCfg = Debug|Any CPU
		{6C9E958D-46E5-4F28-A919-A97E99234B44}.Debug|Any CPU.Build.0 = Debug|Any CPU
		{6C9E958D-46E5-4F28-A919-A97E99234B44}.Release|Any CPU.ActiveCfg = Release|Any CPU
		{6C9E958D-46E5-4F28-A919-A97E99234B44}.Release|Any CPU.Build.0 = Release|Any CPU
		{EB7C5003-4299-47CD-9164-CB994CFA924D}.Debug|Any CPU.ActiveCfg = Debug|Any CPU
		{EB7C5003-4299-47CD-9164-CB994CFA924D}.Debug|Any CPU.Build.0 = Debug|Any CPU
		{EB7C5003-4299-47CD-9164-CB994CFA924D}.Release|Any CPU.ActiveCfg = Release|Any CPU
		{EB7C5003-4299-47CD-9164-CB994CFA924D}.Release|Any CPU.Build.0 = Release|Any CPU
		{6261EC96-A35A-4436-B715-5A04583330B8}.Debug|Any CPU.ActiveCfg = Debug|Any CPU
		{6261EC96-A35A-4436-B715-5A04583330B8}.Debug|Any CPU.Build.0 = Debug|Any CPU
		{6261EC96-A35A-4436-B715-5A04583330B8}.Release|Any CPU.ActiveCfg = Release|Any CPU
		{6261EC96-A35A-4436-B715-5A04583330B8}.Release|Any CPU.Build.0 = Release|Any CPU
		{4732E368-CCD2-48CF-BDF0-1E3C8399B9C0}.Debug|Any CPU.ActiveCfg = Debug|Any CPU
		{4732E368-CCD2-48CF-BDF0-1E3C8399B9C0}.Debug|Any CPU.Build.0 = Debug|Any CPU
		{4732E368-CCD2-48CF-BDF0-1E3C8399B9C0}.Release|Any CPU.ActiveCfg = Release|Any CPU
		{4732E368-CCD2-48CF-BDF0-1E3C8399B9C0}.Release|Any CPU.Build.0 = Release|Any CPU
	EndGlobalSection
	GlobalSection(SolutionProperties) = preSolution
		HideSolutionNode = FALSE
	EndGlobalSection
	GlobalSection(NestedProjects) = preSolution
		{FC6B7C3A-678E-4E90-B078-ACEAC584E2E3} = {B03219E0-7B0E-4FBB-889F-E75D84729B4C}
		{AAA84E93-AFFB-44A2-89F2-077F637F41CF} = {1FC6F132-1247-4F67-9B87-4F4A73F05AFC}
		{6C9E958D-46E5-4F28-A919-A97E99234B44} = {B0C80E68-7F81-412D-B692-0DC45495AA36}
		{EB7C5003-4299-47CD-9164-CB994CFA924D} = {D969669F-9514-41C8-8B92-B37B601BFB74}
		{6261EC96-A35A-4436-B715-5A04583330B8} = {8579B216-F743-4B78-81A8-79C68CFF88F0}
		{4732E368-CCD2-48CF-BDF0-1E3C8399B9C0} = {E5BD191C-1614-494E-9F81-5693C3B9E584}
	EndGlobalSection
	GlobalSection(ExtensibilityGlobals) = postSolution
		SolutionGuid = {A603C0F9-78E1-4F0C-B257-A01D3926C51E}
	EndGlobalSection
EndGlobal
