
Microsoft Visual Studio Solution File, Format Version 12.00
# Visual Studio Version 17
VisualStudioVersion = 17.7.34024.191
MinimumVisualStudioVersion = 10.0.40219.1
Project("{2150E333-8FDC-42A3-9474-1A3956D46DE8}") = "Application", "Application", "{1FC6F132-1247-4F67-9B87-4F4A73F05AFC}"
EndProject
Project("{2150E333-8FDC-42A3-9474-1A3956D46DE8}") = "Domain", "Domain", "{B03219E0-7B0E-4FBB-889F-E75D84729B4C}"
EndProject
Project("{2150E333-8FDC-42A3-9474-1A3956D46DE8}") = "Api", "Api", "{8579B216-F743-4B78-81A8-79C68CFF88F0}"
EndProject
Project("{2150E333-8FDC-42A3-9474-1A3956D46DE8}") = "loc", "loc", "{B0C80E68-7F81-412D-B692-0DC45495AA36}"
EndProject
Project("{9A19103F-16F7-4668-BE54-9A1E7A4F7556}") = "Hotel.domain", "Hotel.domain\Hotel.domain.csproj", "{FC6B7C3A-678E-4E90-B078-ACEAC584E2E3}"
	ProjectSection(ProjectDependencies) = postProject
		{AAA84E93-AFFB-44A2-89F2-077F637F41CF} = {AAA84E93-AFFB-44A2-89F2-077F637F41CF}
	EndProjectSection
EndProject
Project("{2150E333-8FDC-42A3-9474-1A3956D46DE8}") = "Infrastructure", "Infrastructure", "{D969669F-9514-41C8-8B92-B37B601BFB74}"
EndProject
Project("{9A19103F-16F7-4668-BE54-9A1E7A4F7556}") = "Hotel.application", "Hotel.application\Hotel.application.csproj", "{AAA84E93-AFFB-44A2-89F2-077F637F41CF}"
EndProject
Project("{2150E333-8FDC-42A3-9474-1A3956D46DE8}") = "Presentation", "Presentation", "{E5BD191C-1614-494E-9F81-5693C3B9E584}"
EndProject
Project("{9A19103F-16F7-4668-BE54-9A1E7A4F7556}") = "Hotel.Ioc", "Hotel.loc\Hotel.Ioc.csproj", "{6C9E958D-46E5-4F28-A919-A97E99234B44}"
EndProject
Project("{9A19103F-16F7-4668-BE54-9A1E7A4F7556}") = "Hotel.Infrastructure", "Hotel.infrastructure\Hotel.Infrastructure\Hotel.Infrastructure.csproj", "{0D073B3C-99F8-4B99-BB4E-9F48E624EC17}"
EndProject
Project("{9A19103F-16F7-4668-BE54-9A1E7A4F7556}") = "Hotel.Web", "Hotel.Web\Hotel.Web.csproj", "{EB43990E-653D-4A18-83E1-02BEE15C2351}"
EndProject
Project("{2150E333-8FDC-42A3-9474-1A3956D46DE8}") = "Solution Items", "Solution Items", "{4B55DD49-AE8F-4D67-8E0B-DAB7854843E4}"
	ProjectSection(SolutionItems) = preProject
		.editorconfig = .editorconfig
	EndProjectSection
EndProject
Project("{FAE04EC0-301F-11D3-BF4B-00C04F79EFBC}") = "Hotel.Api", "Hotel.Api\Hotel.Api.csproj", "{DE1BA51E-222A-4D33-A545-EF98696A0F3C}"
EndProject
Global
	GlobalSection(SolutionConfigurationPlatforms) = preSolution
		Debug|Any CPU = Debug|Any CPU
		Release|Any CPU = Release|Any CPU
	EndGlobalSection
	GlobalSection(ProjectConfigurationPlatforms) = postSolution
		{FC6B7C3A-678E-4E90-B078-ACEAC584E2E3}.Debug|Any CPU.ActiveCfg = Debug|Any CPU
		{FC6B7C3A-678E-4E90-B078-ACEAC584E2E3}.Debug|Any CPU.Build.0 = Debug|Any CPU
		{FC6B7C3A-678E-4E90-B078-ACEAC584E2E3}.Release|Any CPU.ActiveCfg = Release|Any CPU
		{FC6B7C3A-678E-4E90-B078-ACEAC584E2E3}.Release|Any CPU.Build.0 = Release|Any CPU
		{AAA84E93-AFFB-44A2-89F2-077F637F41CF}.Debug|Any CPU.ActiveCfg = Debug|Any CPU
		{AAA84E93-AFFB-44A2-89F2-077F637F41CF}.Debug|Any CPU.Build.0 = Debug|Any CPU
		{AAA84E93-AFFB-44A2-89F2-077F637F41CF}.Release|Any CPU.ActiveCfg = Release|Any CPU
		{AAA84E93-AFFB-44A2-89F2-077F637F41CF}.Release|Any CPU.Build.0 = Release|Any CPU
		{6C9E958D-46E5-4F28-A919-A97E99234B44}.Debug|Any CPU.ActiveCfg = Debug|Any CPU
		{6C9E958D-46E5-4F28-A919-A97E99234B44}.Debug|Any CPU.Build.0 = Debug|Any CPU
		{6C9E958D-46E5-4F28-A919-A97E99234B44}.Release|Any CPU.ActiveCfg = Release|Any CPU
		{6C9E958D-46E5-4F28-A919-A97E99234B44}.Release|Any CPU.Build.0 = Release|Any CPU
		{0D073B3C-99F8-4B99-BB4E-9F48E624EC17}.Debug|Any CPU.ActiveCfg = Debug|Any CPU
		{0D073B3C-99F8-4B99-BB4E-9F48E624EC17}.Debug|Any CPU.Build.0 = Debug|Any CPU
		{0D073B3C-99F8-4B99-BB4E-9F48E624EC17}.Release|Any CPU.ActiveCfg = Release|Any CPU
		{0D073B3C-99F8-4B99-BB4E-9F48E624EC17}.Release|Any CPU.Build.0 = Release|Any CPU
		{EB43990E-653D-4A18-83E1-02BEE15C2351}.Debug|Any CPU.ActiveCfg = Debug|Any CPU
		{EB43990E-653D-4A18-83E1-02BEE15C2351}.Debug|Any CPU.Build.0 = Debug|Any CPU
		{EB43990E-653D-4A18-83E1-02BEE15C2351}.Release|Any CPU.ActiveCfg = Release|Any CPU
		{EB43990E-653D-4A18-83E1-02BEE15C2351}.Release|Any CPU.Build.0 = Release|Any CPU
		{DE1BA51E-222A-4D33-A545-EF98696A0F3C}.Debug|Any CPU.ActiveCfg = Debug|Any CPU
		{DE1BA51E-222A-4D33-A545-EF98696A0F3C}.Debug|Any CPU.Build.0 = Debug|Any CPU
		{DE1BA51E-222A-4D33-A545-EF98696A0F3C}.Release|Any CPU.ActiveCfg = Release|Any CPU
		{DE1BA51E-222A-4D33-A545-EF98696A0F3C}.Release|Any CPU.Build.0 = Release|Any CPU
	EndGlobalSection
	GlobalSection(SolutionProperties) = preSolution
		HideSolutionNode = FALSE
	EndGlobalSection
	GlobalSection(NestedProjects) = preSolution
		{FC6B7C3A-678E-4E90-B078-ACEAC584E2E3} = {B03219E0-7B0E-4FBB-889F-E75D84729B4C}
		{AAA84E93-AFFB-44A2-89F2-077F637F41CF} = {1FC6F132-1247-4F67-9B87-4F4A73F05AFC}
		{6C9E958D-46E5-4F28-A919-A97E99234B44} = {B0C80E68-7F81-412D-B692-0DC45495AA36}
		{0D073B3C-99F8-4B99-BB4E-9F48E624EC17} = {D969669F-9514-41C8-8B92-B37B601BFB74}
		{EB43990E-653D-4A18-83E1-02BEE15C2351} = {E5BD191C-1614-494E-9F81-5693C3B9E584}
		{DE1BA51E-222A-4D33-A545-EF98696A0F3C} = {8579B216-F743-4B78-81A8-79C68CFF88F0}
	EndGlobalSection
	GlobalSection(ExtensibilityGlobals) = postSolution
		SolutionGuid = {A603C0F9-78E1-4F0C-B257-A01D3926C51E}
	EndGlobalSection
EndGlobal
